
Microsoft Visual Studio Solution File, Format Version 12.00
# Visual Studio Version 16
VisualStudioVersion = 16.0.32901.82
MinimumVisualStudioVersion = 10.0.40219.1
Project("{FAE04EC0-301F-11D3-BF4B-00C04F79EFBC}") = "RhinoCityJSON", "RhinoCityJSON\RhinoCityJSON.csproj", "{51CC9869-65FB-491C-91AA-02D42C325DE1}"
EndProject
Global
	GlobalSection(SolutionConfigurationPlatforms) = preSolution
		Debug|Any CPU = Debug|Any CPU
		Release|Any CPU = Release|Any CPU
	EndGlobalSection
	GlobalSection(ProjectConfigurationPlatforms) = postSolution
		{51CC9869-65FB-491C-91AA-02D42C325DE1}.Debug|Any CPU.ActiveCfg = Debug|Any CPU
		{51CC9869-65FB-491C-91AA-02D42C325DE1}.Debug|Any CPU.Build.0 = Debug|Any CPU
		{51CC9869-65FB-491C-91AA-02D42C325DE1}.Release|Any CPU.ActiveCfg = Release|Any CPU
		{51CC9869-65FB-491C-91AA-02D42C325DE1}.Release|Any CPU.Build.0 = Release|Any CPU
	EndGlobalSection
	GlobalSection(SolutionProperties) = preSolution
		HideSolutionNode = FALSE
	EndGlobalSection
	GlobalSection(ExtensibilityGlobals) = postSolution
		SolutionGuid = {CD234500-48B4-40CA-829A-A1D2E1BE0038}
	EndGlobalSection
EndGlobal
